
Microsoft Visual Studio Solution File, Format Version 12.00
# Visual Studio Version 16
VisualStudioVersion = 16.0.29920.165
MinimumVisualStudioVersion = 10.0.40219.1
Project("{FAE04EC0-301F-11D3-BF4B-00C04F79EFBC}") = "peruslaskut.t3", "peruslaskut.t3\peruslaskut.t3.csproj", "{DE762277-716D-4161-908F-5C7C2AE0292C}"
EndProject
Global
	GlobalSection(SolutionConfigurationPlatforms) = preSolution
		Debug|Any CPU = Debug|Any CPU
		Release|Any CPU = Release|Any CPU
	EndGlobalSection
	GlobalSection(ProjectConfigurationPlatforms) = postSolution
		{DE762277-716D-4161-908F-5C7C2AE0292C}.Debug|Any CPU.ActiveCfg = Debug|Any CPU
		{DE762277-716D-4161-908F-5C7C2AE0292C}.Debug|Any CPU.Build.0 = Debug|Any CPU
		{DE762277-716D-4161-908F-5C7C2AE0292C}.Release|Any CPU.ActiveCfg = Release|Any CPU
		{DE762277-716D-4161-908F-5C7C2AE0292C}.Release|Any CPU.Build.0 = Release|Any CPU
	EndGlobalSection
	GlobalSection(SolutionProperties) = preSolution
		HideSolutionNode = FALSE
	EndGlobalSection
	GlobalSection(ExtensibilityGlobals) = postSolution
		SolutionGuid = {F5D7095A-4D30-4C7F-9766-E26D728969E1}
	EndGlobalSection
EndGlobal
